
Microsoft Visual Studio Solution File, Format Version 12.00
# Visual Studio Version 16
VisualStudioVersion = 16.0.30717.126
MinimumVisualStudioVersion = 10.0.40219.1
Project("{FAE04EC0-301F-11D3-BF4B-00C04F79EFBC}") = "Vpive1", "Vpive1\Vpive1.csproj", "{9E910D52-508C-401D-B391-FA15F1854827}"
EndProject
Global
	GlobalSection(SolutionConfigurationPlatforms) = preSolution
		Debug|Any CPU = Debug|Any CPU
		Release|Any CPU = Release|Any CPU
	EndGlobalSection
	GlobalSection(ProjectConfigurationPlatforms) = postSolution
		{9E910D52-508C-401D-B391-FA15F1854827}.Debug|Any CPU.ActiveCfg = Debug|Any CPU
		{9E910D52-508C-401D-B391-FA15F1854827}.Debug|Any CPU.Build.0 = Debug|Any CPU
		{9E910D52-508C-401D-B391-FA15F1854827}.Release|Any CPU.ActiveCfg = Release|Any CPU
		{9E910D52-508C-401D-B391-FA15F1854827}.Release|Any CPU.Build.0 = Release|Any CPU
	EndGlobalSection
	GlobalSection(SolutionProperties) = preSolution
		HideSolutionNode = FALSE
	EndGlobalSection
	GlobalSection(ExtensibilityGlobals) = postSolution
		SolutionGuid = {3E832B3E-CE5C-4A9E-A222-51960E58913C}
	EndGlobalSection
EndGlobal
